
Microsoft Visual Studio Solution File, Format Version 12.00
# Visual Studio Version 16
VisualStudioVersion = 16.0.30413.136
MinimumVisualStudioVersion = 10.0.40219.1
Project("{FAE04EC0-301F-11D3-BF4B-00C04F79EFBC}") = "Tester", "Tester\Tester.csproj", "{00CC7D9D-E11E-4393-9B1F-7C315F762E7C}"
EndProject
Project("{FAE04EC0-301F-11D3-BF4B-00C04F79EFBC}") = "TestGenerator", "TestGenerator\TestGenerator.csproj", "{B3B69E69-917F-4664-A370-7A5E6A0B2597}"
EndProject
Project("{FAE04EC0-301F-11D3-BF4B-00C04F79EFBC}") = "AllTests", "AllTests\AllTests.csproj", "{77393299-F85F-4728-A483-5423DF29ADC5}"
EndProject
Global
	GlobalSection(SolutionConfigurationPlatforms) = preSolution
		Debug|Any CPU = Debug|Any CPU
		Release|Any CPU = Release|Any CPU
	EndGlobalSection
	GlobalSection(ProjectConfigurationPlatforms) = postSolution
		{00CC7D9D-E11E-4393-9B1F-7C315F762E7C}.Debug|Any CPU.ActiveCfg = Debug|Any CPU
		{00CC7D9D-E11E-4393-9B1F-7C315F762E7C}.Debug|Any CPU.Build.0 = Debug|Any CPU
		{00CC7D9D-E11E-4393-9B1F-7C315F762E7C}.Release|Any CPU.ActiveCfg = Release|Any CPU
		{00CC7D9D-E11E-4393-9B1F-7C315F762E7C}.Release|Any CPU.Build.0 = Release|Any CPU
		{B3B69E69-917F-4664-A370-7A5E6A0B2597}.Debug|Any CPU.ActiveCfg = Debug|Any CPU
		{B3B69E69-917F-4664-A370-7A5E6A0B2597}.Debug|Any CPU.Build.0 = Debug|Any CPU
		{B3B69E69-917F-4664-A370-7A5E6A0B2597}.Release|Any CPU.ActiveCfg = Release|Any CPU
		{B3B69E69-917F-4664-A370-7A5E6A0B2597}.Release|Any CPU.Build.0 = Release|Any CPU
		{77393299-F85F-4728-A483-5423DF29ADC5}.Debug|Any CPU.ActiveCfg = Debug|Any CPU
		{77393299-F85F-4728-A483-5423DF29ADC5}.Debug|Any CPU.Build.0 = Debug|Any CPU
		{77393299-F85F-4728-A483-5423DF29ADC5}.Release|Any CPU.ActiveCfg = Release|Any CPU
		{77393299-F85F-4728-A483-5423DF29ADC5}.Release|Any CPU.Build.0 = Release|Any CPU
	EndGlobalSection
	GlobalSection(SolutionProperties) = preSolution
		HideSolutionNode = FALSE
	EndGlobalSection
	GlobalSection(ExtensibilityGlobals) = postSolution
		SolutionGuid = {B8B0D43A-44A7-415F-BA10-C46BACF2EC3B}
	EndGlobalSection
EndGlobal
